--- 
hash: 579c90d2219c6af40d2dbeae6173e496ed58f388
sources: 
- Rubygems: 
    uri: http://gemcutter.org
specs: 
- rake: 
    version: 0.8.7
- rails: 
    version: 2.3.5
- formtastic: 
    version: 0.9.7
- haml: 
    version: 2.2.20
- compass: 
    version: 0.8.17
- actionpack: 
    version: 2.3.5
- activesupport: 
    version: 2.3.5
- paperclip: 
    version: 2.3.1.1
- sqlite3-ruby: 
    version: 1.2.5
- thin: 
    version: 1.2.7
- pg: 
    version: 0.9.0
- routing-filter: 
    version: 0.0.1
- activeresource: 
    version: 2.3.5
- daemons: 
    version: 1.0.10
- acts-as-taggable-on: 
    version: 1.1.7
- acts-as-list: 
    version: 0.1.2
- shoulda: 
    version: 2.10.3
- factory_girl: 
    version: 1.2.3
- state_machine: 
    version: 0.8.0
- rack: 
    version: 1.0.1
- actionmailer: 
    version: 2.3.5
- eventmachine: 
    version: 0.12.10
- authlogic: 
    version: 2.1.3
- activerecord: 
    version: 2.3.5
- rr: 
    version: 0.10.10
- webrat: 
    version: 0.7.0
- rack-test: 
    version: 0.5.3
- nokogiri: 
    version: 1.4.1
- database_cleaner: 
    version: 0.5.0
- cucumber-rails: 
    version: 0.3.0
- cucumber: 
    version: 0.6.3
- term-ansicolor: 
    version: 1.0.4
- diff-lcs: 
    version: 1.1.2
- builder: 
    version: 2.1.2
- polyglot: 
    version: 0.3.0
- prawn: 
    version: 0.8.4
- prawn-security: 
    version: 0.8.4
- prawn-layout: 
    version: 0.8.4
- prawn-core: 
    version: 0.8.4
- json_pure: 
    version: 1.2.3
- treetop: 
    version: 1.4.4
dependencies: 
  rails: 
    version: ">= 0"
    group: 
    - :default
    require: []

  formtastic: 
    version: ">= 0"
    group: 
    - :default
  haml: 
    version: ">= 0"
    group: 
    - :default
  compass: 
    version: ">= 0"
    group: 
    - :default
  authlogic: 
    version: ">= 0"
    group: 
    - :default
  state_machine: 
    version: ">= 0"
    group: 
    - :default
  acts-as-list: 
    version: ">= 0"
    group: 
    - :default
    require: 
    - acts_as_list
  prawn: 
    version: ">= 0"
    group: 
    - :default
  paperclip: 
    version: ">= 0"
    group: 
    - :default
  routing-filter: 
    version: ">= 0"
    group: 
    - :default
    require: 
    - routing_filter
  acts-as-taggable-on: 
    version: ">= 0"
    group: 
    - :default
  sqlite3-ruby: 
    version: ">= 0"
    group: 
    - :development
    require: 
    - sqlite3
  thin: 
    version: ">= 0"
    group: 
    - :production
  pg: 
    version: ">= 0"
    group: 
    - :production
  factory_girl: 
    version: ">= 0"
    group: 
    - :test
  cucumber: 
    version: ">= 0"
    group: 
    - :test
    require: []

  cucumber-rails: 
    version: ">= 0"
    group: 
    - :test
    require: []

  database_cleaner: 
    version: ">= 0"
    group: 
    - :test
    require: []

  webrat: 
    version: ">= 0"
    group: 
    - :test
    require: []

  shoulda: 
    version: ">= 0"
    group: 
    - :test
  rr: 
    version: ">= 0"
    group: 
    - :test
