--- 
hash: 8923516acd08650e911ee86b8e7ca24d18dc2fdb
sources: 
- Rubygems: 
    uri: http://rubygems.org
specs: 
- rake: 
    version: 0.8.7
- activesupport: 
    version: 2.3.5
- rack: 
    version: 1.0.1
- actionpack: 
    version: 2.3.5
- actionmailer: 
    version: 2.3.5
- activerecord: 
    version: 2.3.5
- activeresource: 
    version: 2.3.5
- acts-as-list: 
    version: 0.1.2
- acts-as-taggable-on: 
    version: 2.0.3
- authlogic: 
    version: 2.1.3
- builder: 
    version: 2.1.2
- haml: 
    version: 2.2.22
- compass: 
    version: 0.8.17
- diff-lcs: 
    version: 1.1.2
- json_pure: 
    version: 1.2.3
- polyglot: 
    version: 0.3.1
- term-ansicolor: 
    version: 1.0.5
- treetop: 
    version: 1.4.5
- cucumber: 
    version: 0.6.4
- cucumber-rails: 
    version: 0.3.0
- database_cleaner: 
    version: 0.5.0
- factory_girl: 
    version: 1.2.4
- formtastic: 
    version: 0.9.8
- nokogiri: 
    version: 1.4.1
- paperclip: 
    version: 2.3.1.1
- pg: 
    version: 0.9.0
- prawn-core: 
    version: 0.8.4
- prawn-layout: 
    version: 0.8.4
- prawn-security: 
    version: 0.8.4
- prawn: 
    version: 0.8.4
- rack-test: 
    version: 0.5.3
- rails: 
    version: 2.3.5
- routing-filter: 
    version: 0.0.1
- rr: 
    version: 0.10.11
- shoulda: 
    version: 2.10.3
- sqlite3-ruby: 
    version: 1.2.5
- state_machine: 
    version: 0.8.1
- test-unit: 
    version: 2.0.7
- webrat: 
    version: 0.7.0
dependencies: 
  rails: 
    version: ">= 0"
    group: 
    - :default
    require: []

  haml: 
    version: ">= 0"
    group: 
    - :default
  compass: 
    version: ">= 0"
    group: 
    - :default
  authlogic: 
    version: ">= 0"
    group: 
    - :default
  state_machine: 
    version: ">= 0"
    group: 
    - :default
  acts-as-list: 
    version: ">= 0"
    group: 
    - :default
    require: 
    - acts_as_list
  prawn: 
    version: ">= 0"
    group: 
    - :default
  paperclip: 
    version: ">= 0"
    group: 
    - :default
  routing-filter: 
    version: ">= 0"
    group: 
    - :default
    require: 
    - routing_filter
  acts-as-taggable-on: 
    version: ">= 0"
    group: 
    - :default
  formtastic: 
    version: ">= 0"
    group: 
    - :default
  sqlite3-ruby: 
    version: ">= 0"
    group: 
    - :development
    - :test
    require: 
    - sqlite3
  pg: 
    version: ">= 0"
    group: 
    - :production
  test-unit: 
    version: ">= 2.0.7"
    group: 
    - :test
    require: 
    - test/unit
  factory_girl: 
    version: ">= 0"
    group: 
    - :test
  cucumber: 
    version: ">= 0"
    group: 
    - :test
    require: []

  cucumber-rails: 
    version: ">= 0"
    group: 
    - :test
    require: []

  database_cleaner: 
    version: ">= 0"
    group: 
    - :test
    require: []

  webrat: 
    version: ">= 0"
    group: 
    - :test
    require: []

  shoulda: 
    version: ">= 0"
    group: 
    - :test
  rr: 
    version: ">= 0"
    group: 
    - :test
